
Microsoft Visual Studio Solution File, Format Version 12.00
# Visual Studio Version 16
VisualStudioVersion = 16.0.32106.194
MinimumVisualStudioVersion = 10.0.40219.1
Project("{FAE04EC0-301F-11D3-BF4B-00C04F79EFBC}") = "sda-csharp-exercises", "sda-csharp-exercises\sda-csharp-exercises.csproj", "{4B81923A-0A06-46F2-AEC3-FEF5AC996528}"
EndProject
Global
	GlobalSection(SolutionConfigurationPlatforms) = preSolution
		Debug|Any CPU = Debug|Any CPU
		Release|Any CPU = Release|Any CPU
	EndGlobalSection
	GlobalSection(ProjectConfigurationPlatforms) = postSolution
		{4B81923A-0A06-46F2-AEC3-FEF5AC996528}.Debug|Any CPU.ActiveCfg = Debug|Any CPU
		{4B81923A-0A06-46F2-AEC3-FEF5AC996528}.Debug|Any CPU.Build.0 = Debug|Any CPU
		{4B81923A-0A06-46F2-AEC3-FEF5AC996528}.Release|Any CPU.ActiveCfg = Release|Any CPU
		{4B81923A-0A06-46F2-AEC3-FEF5AC996528}.Release|Any CPU.Build.0 = Release|Any CPU
	EndGlobalSection
	GlobalSection(SolutionProperties) = preSolution
		HideSolutionNode = FALSE
	EndGlobalSection
	GlobalSection(ExtensibilityGlobals) = postSolution
		SolutionGuid = {12FD4BBB-EA56-46AD-B910-6D32D2B39AF5}
	EndGlobalSection
EndGlobal
